
Microsoft Visual Studio Solution File, Format Version 12.00
# Visual Studio Version 17
VisualStudioVersion = 17.0.32002.185
MinimumVisualStudioVersion = 10.0.40219.1
Project("{9A19103F-16F7-4668-BE54-9A1E7A4F7556}") = "CatalogService", "CatalogService\CatalogService.csproj", "{073111AD-BCE2-4921-9231-C8BD7EBD04C0}"
EndProject
Project("{9A19103F-16F7-4668-BE54-9A1E7A4F7556}") = "BasketService", "BasketService\BasketService.csproj", "{257B9976-C20E-46B7-899A-5D52586FD2FD}"
EndProject
Project("{FAE04EC0-301F-11D3-BF4B-00C04F79EFBC}") = "OrderService", "OrderService\OrderService.csproj", "{1054CD25-8082-4B58-9416-D45E3C1ACE74}"
EndProject
Global
	GlobalSection(SolutionConfigurationPlatforms) = preSolution
		Debug|Any CPU = Debug|Any CPU
		Release|Any CPU = Release|Any CPU
	EndGlobalSection
	GlobalSection(ProjectConfigurationPlatforms) = postSolution
		{073111AD-BCE2-4921-9231-C8BD7EBD04C0}.Debug|Any CPU.ActiveCfg = Debug|Any CPU
		{073111AD-BCE2-4921-9231-C8BD7EBD04C0}.Debug|Any CPU.Build.0 = Debug|Any CPU
		{073111AD-BCE2-4921-9231-C8BD7EBD04C0}.Release|Any CPU.ActiveCfg = Release|Any CPU
		{073111AD-BCE2-4921-9231-C8BD7EBD04C0}.Release|Any CPU.Build.0 = Release|Any CPU
		{257B9976-C20E-46B7-899A-5D52586FD2FD}.Debug|Any CPU.ActiveCfg = Debug|Any CPU
		{257B9976-C20E-46B7-899A-5D52586FD2FD}.Debug|Any CPU.Build.0 = Debug|Any CPU
		{257B9976-C20E-46B7-899A-5D52586FD2FD}.Release|Any CPU.ActiveCfg = Release|Any CPU
		{257B9976-C20E-46B7-899A-5D52586FD2FD}.Release|Any CPU.Build.0 = Release|Any CPU
		{1054CD25-8082-4B58-9416-D45E3C1ACE74}.Debug|Any CPU.ActiveCfg = Debug|Any CPU
		{1054CD25-8082-4B58-9416-D45E3C1ACE74}.Debug|Any CPU.Build.0 = Debug|Any CPU
		{1054CD25-8082-4B58-9416-D45E3C1ACE74}.Release|Any CPU.ActiveCfg = Release|Any CPU
		{1054CD25-8082-4B58-9416-D45E3C1ACE74}.Release|Any CPU.Build.0 = Release|Any CPU
	EndGlobalSection
	GlobalSection(SolutionProperties) = preSolution
		HideSolutionNode = FALSE
	EndGlobalSection
	GlobalSection(ExtensibilityGlobals) = postSolution
		SolutionGuid = {3322F16C-1056-4046-9D1F-181AE73C6777}
	EndGlobalSection
EndGlobal
